{
  "version": 4,
  "terraform_version": "1.10.5",
  "serial": 3,
  "lineage": "9a1187c4-bd46-1e25-9628-b7bf5627d78a",
  "outputs": {},
  "resources": [
    {
      "module": "module.EKS_Cluster",
      "mode": "managed",
      "type": "aws_eks_cluster",
      "name": "harshith-cluster",
      "provider": "provider[\"registry.terraform.io/hashicorp/aws\"]",
      "instances": [
        {
          "schema_version": 1,
          "attributes": {
            "access_config": [
              {
                "authentication_mode": "CONFIG_MAP",
                "bootstrap_cluster_creator_admin_permissions": true
              }
            ],
            "arn": "arn:aws:eks:ap-south-1:235494785310:cluster/harshith-node",
            "bootstrap_self_managed_addons": true,
            "certificate_authority": [
              {
                "data": "LS0tLS1CRUdJTiBDRVJUSUZJQ0FURS0tLS0tCk1JSURCVENDQWUyZ0F3SUJBZ0lJTEtpWWJlMC9wcFF3RFFZSktvWklodmNOQVFFTEJRQXdGVEVUTUJFR0ExVUUKQXhNS2EzVmlaWEp1WlhSbGN6QWVGdzB5TlRBek1USXhOelV3TXpWYUZ3MHpOVEF6TVRBeE56VTFNelZhTUJVeApFekFSQmdOVkJBTVRDbXQxWW1WeWJtVjBaWE13Z2dFaU1BMEdDU3FHU0liM0RRRUJBUVVBQTRJQkR3QXdnZ0VLCkFvSUJBUURPU0lwbTE4bUpmU3FRaUM3YXBBWG8raUhaS3p1RG9MajRCbTZEazYrdnZwMWpGYjdaOUtJSGI5MkMKVnBlZmdJOG9Ub1RmdUZEUDdLNHZQSzVTcmx5QnBxNUU5c2Q2RXVzMzVOR3g2Y0thVVJWWWlFWFFBR01pbXNuVwplOXhaQkpVSkpPakQ4eDlXM2I5OXNCSVFaMmtoSUFxKzFYR2NhSEZ0RUpnL1ZrUHFrSmpZRGMyYW56WkJlTklrCjdrUmozSm9Cbmw1MXZ6SmF3ODI5MlVTc0c1WVlSc0wyM25McWt0clhESWFpYWpBVy9NQSt2RUptRGI0NUhkWWgKOG1aUlNycDdBWGFwaTRCYVM2d0ROQ0xjNnJmWmxjaEErY1hDT3NHOFRBeFNQckZVbGpQbjBLR3VsYUdIOFI5cQpZN2REbE8zZURXVHhnaWFvb3pjOFk1dFRVNDZwQWdNQkFBR2pXVEJYTUE0R0ExVWREd0VCL3dRRUF3SUNwREFQCkJnTlZIUk1CQWY4RUJUQURBUUgvTUIwR0ExVWREZ1FXQkJSN093bDhzajhCSmRUSlNydmRWWlp5bmI4OERqQVYKQmdOVkhSRUVEakFNZ2dwcmRXSmxjbTVsZEdWek1BMEdDU3FHU0liM0RRRUJDd1VBQTRJQkFRQ0p5ZTVxQktrVApRWE5XZnI1YkxsblZKNUVoR1BaU1pzSlVQUCtpRzJOUnlTanpOaTMyQThETDNxRWl3a29kSUo2NEdOK09neW9KCkNCSE51T2JSNHl5Wk9sN21iRlp5RlJYWUJWYTN0eVFTSFc0ZDVCaU9OWmwyMEM2QitlcVM0eFNscUpybDhEaCsKQ1pIR3B3cmx6eTRCU3NxK3RCcFVNNDA1cnd1ZU55VEszYjZzN1ExSzJMaWpiMXpaaVJyMjR3ZXNlSER2MFZkNApSbjRWVFErdjQ4QnJ4d0pRc1ZXaGV4SE5QNjRHdXF4aS9vV3VBd0MrazJaZEZzQlZCbXRUWVp0b2sxekt4dGxzCmJmU3QyWGhWU25JTGpqMndIcytLMERFMTMySkJxL01oT0dMSE5wbUV2SWV4VnltNjhybCtLOGN6emt6Y25PY3oKaERzaUtxQ0IyV01CCi0tLS0tRU5EIENFUlRJRklDQVRFLS0tLS0K"
              }
            ],
            "cluster_id": null,
            "compute_config": [],
            "created_at": "2025-03-12T17:50:55Z",
            "enabled_cluster_log_types": null,
            "encryption_config": [],
            "endpoint": "https://8366B7A2CEFCB8B502715C720F76173D.sk1.ap-south-1.eks.amazonaws.com",
            "id": "harshith-node",
            "identity": [
              {
                "oidc": [
                  {
                    "issuer": "https://oidc.eks.ap-south-1.amazonaws.com/id/8366B7A2CEFCB8B502715C720F76173D"
                  }
                ]
              }
            ],
            "kubernetes_network_config": [
              {
                "elastic_load_balancing": [
                  {
                    "enabled": false
                  }
                ],
                "ip_family": "ipv4",
                "service_ipv4_cidr": "10.100.0.0/16",
                "service_ipv6_cidr": ""
              }
            ],
            "name": "harshith-node",
            "outpost_config": [],
            "platform_version": "eks.20",
            "remote_network_config": [],
            "role_arn": "arn:aws:iam::235494785310:role/eks_cluster",
            "status": "ACTIVE",
            "storage_config": [],
            "tags": null,
            "tags_all": {},
            "timeouts": null,
            "upgrade_policy": [
              {
                "support_type": "EXTENDED"
              }
            ],
            "version": "1.31",
            "vpc_config": [
              {
                "cluster_security_group_id": "sg-07d3e09d7b78e91ce",
                "endpoint_private_access": false,
                "endpoint_public_access": true,
                "public_access_cidrs": [
                  "0.0.0.0/0"
                ],
                "security_group_ids": null,
                "subnet_ids": [
                  "subnet-06078486292ffdc39",
                  "subnet-09de743e6d2cb3522",
                  "subnet-0b4fc2fb2d490020c"
                ],
                "vpc_id": "vpc-00aefe5b83d9958b9"
              }
            ],
            "zonal_shift_config": []
          },
          "sensitive_attributes": [],
          "private": "eyJlMmJmYjczMC1lY2FhLTExZTYtOGY4OC0zNDM2M2JjN2M0YzAiOnsiY3JlYXRlIjoxODAwMDAwMDAwMDAwLCJkZWxldGUiOjkwMDAwMDAwMDAwMCwidXBkYXRlIjozNjAwMDAwMDAwMDAwfSwic2NoZW1hX3ZlcnNpb24iOiIxIn0="
        }
      ]
    },
    {
      "module": "module.EKS_node",
      "mode": "managed",
      "type": "aws_eks_node_group",
      "name": "harshith-nodegroup",
      "provider": "provider[\"registry.terraform.io/hashicorp/aws\"]",
      "instances": [
        {
          "schema_version": 0,
          "attributes": {
            "ami_type": "AL2_x86_64",
            "arn": "arn:aws:eks:ap-south-1:235494785310:nodegroup/harshith-node/nikhil-node-group/9acac5c0-c660-c362-e32f-5a1ce674f92f",
            "capacity_type": "ON_DEMAND",
            "cluster_name": "harshith-node",
            "disk_size": 20,
            "force_update_version": null,
            "id": "harshith-node:nikhil-node-group",
            "instance_types": [
              "t2.micro"
            ],
            "labels": null,
            "launch_template": [],
            "node_group_name": "nikhil-node-group",
            "node_group_name_prefix": "",
            "node_repair_config": [],
            "node_role_arn": "arn:aws:iam::235494785310:role/eks_node",
            "release_version": "1.31.5-20250228",
            "remote_access": [],
            "resources": [
              {
                "autoscaling_groups": [
                  {
                    "name": "eks-nikhil-node-group-9acac5c0-c660-c362-e32f-5a1ce674f92f"
                  }
                ],
                "remote_access_security_group_id": ""
              }
            ],
            "scaling_config": [
              {
                "desired_size": 3,
                "max_size": 10,
                "min_size": 3
              }
            ],
            "status": "ACTIVE",
            "subnet_ids": [
              "subnet-06078486292ffdc39",
              "subnet-09de743e6d2cb3522",
              "subnet-0b4fc2fb2d490020c"
            ],
            "tags": null,
            "tags_all": {},
            "taint": [],
            "timeouts": null,
            "update_config": [
              {
                "max_unavailable": 1,
                "max_unavailable_percentage": 0
              }
            ],
            "version": "1.31"
          },
          "sensitive_attributes": [],
          "private": "eyJlMmJmYjczMC1lY2FhLTExZTYtOGY4OC0zNDM2M2JjN2M0YzAiOnsiY3JlYXRlIjozNjAwMDAwMDAwMDAwLCJkZWxldGUiOjM2MDAwMDAwMDAwMDAsInVwZGF0ZSI6MzYwMDAwMDAwMDAwMH19",
          "dependencies": [
            "module.EKS_Cluster.aws_eks_cluster.harshith-cluster"
          ]
        }
      ]
    }
  ],
  "check_results": null
}
